
Microsoft Visual Studio Solution File, Format Version 12.00
# Visual Studio Version 16
VisualStudioVersion = 16.0.31702.278
MinimumVisualStudioVersion = 10.0.40219.1
Project("{FAE04EC0-301F-11D3-BF4B-00C04F79EFBC}") = "CURD_WINEDB", "CURD_WINEDB\CURD_WINEDB.csproj", "{610966B7-1B8C-4EB9-90B7-A1D0A454BCBA}"
EndProject
Global
	GlobalSection(SolutionConfigurationPlatforms) = preSolution
		Debug|Any CPU = Debug|Any CPU
		Release|Any CPU = Release|Any CPU
	EndGlobalSection
	GlobalSection(ProjectConfigurationPlatforms) = postSolution
		{610966B7-1B8C-4EB9-90B7-A1D0A454BCBA}.Debug|Any CPU.ActiveCfg = Debug|Any CPU
		{610966B7-1B8C-4EB9-90B7-A1D0A454BCBA}.Debug|Any CPU.Build.0 = Debug|Any CPU
		{610966B7-1B8C-4EB9-90B7-A1D0A454BCBA}.Release|Any CPU.ActiveCfg = Release|Any CPU
		{610966B7-1B8C-4EB9-90B7-A1D0A454BCBA}.Release|Any CPU.Build.0 = Release|Any CPU
	EndGlobalSection
	GlobalSection(SolutionProperties) = preSolution
		HideSolutionNode = FALSE
	EndGlobalSection
	GlobalSection(ExtensibilityGlobals) = postSolution
		SolutionGuid = {6814A4F4-7488-4304-AF1D-4C4D6EC60510}
	EndGlobalSection
EndGlobal
